
Microsoft Visual Studio Solution File, Format Version 12.00
# Visual Studio Version 17
VisualStudioVersion = 17.0.31903.59
MinimumVisualStudioVersion = 10.0.40219.1
Project("{FAE04EC0-301F-11D3-BF4B-00C04F79EFBC}") = "EvilEyePremium", "EvilEyePremium\EvilEyePremium.csproj", "{36767960-6A5A-4242-A6F5-1A9818310C50}"
EndProject
Project("{2150E333-8FDC-42A3-9474-1A3956D46DE8}") = "Solution Items", "Solution Items", "{744FA031-930E-4EB8-80E1-14EC8A1C10E1}"
	ProjectSection(SolutionItems) = preProject
		.editorconfig = .editorconfig
	EndProjectSection
EndProject
Global
	GlobalSection(SolutionConfigurationPlatforms) = preSolution
		Debug|Any CPU = Debug|Any CPU
		Release|Any CPU = Release|Any CPU
	EndGlobalSection
	GlobalSection(ProjectConfigurationPlatforms) = postSolution
		{36767960-6A5A-4242-A6F5-1A9818310C50}.Debug|Any CPU.ActiveCfg = Debug|Any CPU
		{36767960-6A5A-4242-A6F5-1A9818310C50}.Debug|Any CPU.Build.0 = Debug|Any CPU
		{36767960-6A5A-4242-A6F5-1A9818310C50}.Release|Any CPU.ActiveCfg = Release|Any CPU
		{36767960-6A5A-4242-A6F5-1A9818310C50}.Release|Any CPU.Build.0 = Release|Any CPU
	EndGlobalSection
	GlobalSection(SolutionProperties) = preSolution
		HideSolutionNode = FALSE
	EndGlobalSection
	GlobalSection(ExtensibilityGlobals) = postSolution
		SolutionGuid = {98990E51-F827-44FC-97B0-DD1B227ACCC6}
	EndGlobalSection
EndGlobal
